
Microsoft Visual Studio Solution File, Format Version 12.00
# Visual Studio Version 17
VisualStudioVersion = 17.7.34018.315
MinimumVisualStudioVersion = 10.0.40219.1
Project("{FAE04EC0-301F-11D3-BF4B-00C04F79EFBC}") = "ScheduleTaskCoordinator", "App\ScheduleTaskCoordinator.csproj", "{5623BA27-21B1-408A-B328-798410776079}"
EndProject
Global
	GlobalSection(SolutionConfigurationPlatforms) = preSolution
		Debug|Any CPU = Debug|Any CPU
		Release|Any CPU = Release|Any CPU
	EndGlobalSection
	GlobalSection(ProjectConfigurationPlatforms) = postSolution
		{5623BA27-21B1-408A-B328-798410776079}.Debug|Any CPU.ActiveCfg = Debug|Any CPU
		{5623BA27-21B1-408A-B328-798410776079}.Debug|Any CPU.Build.0 = Debug|Any CPU
		{5623BA27-21B1-408A-B328-798410776079}.Release|Any CPU.ActiveCfg = Release|x64
		{5623BA27-21B1-408A-B328-798410776079}.Release|Any CPU.Build.0 = Release|x64
	EndGlobalSection
	GlobalSection(SolutionProperties) = preSolution
		HideSolutionNode = FALSE
	EndGlobalSection
	GlobalSection(ExtensibilityGlobals) = postSolution
		SolutionGuid = {0716FFBB-BB7B-4D1C-874A-45E88E810FA9}
	EndGlobalSection
EndGlobal
